
Microsoft Visual Studio Solution File, Format Version 11.00
# Visual Studio 2010
Project("{F184B08F-C81C-45F6-A57F-5ABD9991F28F}") = "Full_Chicago_Game", "Full_Chicago_Game\Full_Chicago_Game.vbproj", "{26581A53-1813-45CF-9787-6AED7893422E}"
EndProject
Global
	GlobalSection(SolutionConfigurationPlatforms) = preSolution
		Debug|x86 = Debug|x86
		Release|x86 = Release|x86
	EndGlobalSection
	GlobalSection(ProjectConfigurationPlatforms) = postSolution
		{26581A53-1813-45CF-9787-6AED7893422E}.Debug|x86.ActiveCfg = Debug|x86
		{26581A53-1813-45CF-9787-6AED7893422E}.Debug|x86.Build.0 = Debug|x86
		{26581A53-1813-45CF-9787-6AED7893422E}.Release|x86.ActiveCfg = Release|x86
		{26581A53-1813-45CF-9787-6AED7893422E}.Release|x86.Build.0 = Release|x86
	EndGlobalSection
	GlobalSection(SolutionProperties) = preSolution
		HideSolutionNode = FALSE
	EndGlobalSection
EndGlobal
